
Microsoft Visual Studio Solution File, Format Version 12.00
# Visual Studio 15
VisualStudioVersion = 15.0.28307.102
MinimumVisualStudioVersion = 10.0.40219.1
Project("{9A19103F-16F7-4668-BE54-9A1E7A4F7556}") = "SpreadApi", "SpreadApi\SpreadApi.csproj", "{2A3D0AE3-2EBB-4550-AC1F-3614624522B6}"
EndProject
Project("{9A19103F-16F7-4668-BE54-9A1E7A4F7556}") = "SpreadRepository", "SpreadRepository\SpreadRepository.csproj", "{CCD5F967-17B7-4547-A828-06EFADDD8BC7}"
EndProject
Project("{9A19103F-16F7-4668-BE54-9A1E7A4F7556}") = "SpreadService", "SpreadService\SpreadService.csproj", "{1720ECC8-0786-4064-A157-9D8940851E31}"
EndProject
Project("{FAE04EC0-301F-11D3-BF4B-00C04F79EFBC}") = "SpreadCommon", "SpreadCommon\SpreadCommon.csproj", "{EEC8419B-81C1-4D7A-9EE4-C542F2D233FE}"
EndProject
Global
	GlobalSection(SolutionConfigurationPlatforms) = preSolution
		Debug|Any CPU = Debug|Any CPU
		Release|Any CPU = Release|Any CPU
	EndGlobalSection
	GlobalSection(ProjectConfigurationPlatforms) = postSolution
		{2A3D0AE3-2EBB-4550-AC1F-3614624522B6}.Debug|Any CPU.ActiveCfg = Debug|Any CPU
		{2A3D0AE3-2EBB-4550-AC1F-3614624522B6}.Debug|Any CPU.Build.0 = Debug|Any CPU
		{2A3D0AE3-2EBB-4550-AC1F-3614624522B6}.Release|Any CPU.ActiveCfg = Release|Any CPU
		{2A3D0AE3-2EBB-4550-AC1F-3614624522B6}.Release|Any CPU.Build.0 = Release|Any CPU
		{CCD5F967-17B7-4547-A828-06EFADDD8BC7}.Debug|Any CPU.ActiveCfg = Debug|Any CPU
		{CCD5F967-17B7-4547-A828-06EFADDD8BC7}.Debug|Any CPU.Build.0 = Debug|Any CPU
		{CCD5F967-17B7-4547-A828-06EFADDD8BC7}.Release|Any CPU.ActiveCfg = Release|Any CPU
		{CCD5F967-17B7-4547-A828-06EFADDD8BC7}.Release|Any CPU.Build.0 = Release|Any CPU
		{1720ECC8-0786-4064-A157-9D8940851E31}.Debug|Any CPU.ActiveCfg = Debug|Any CPU
		{1720ECC8-0786-4064-A157-9D8940851E31}.Debug|Any CPU.Build.0 = Debug|Any CPU
		{1720ECC8-0786-4064-A157-9D8940851E31}.Release|Any CPU.ActiveCfg = Release|Any CPU
		{1720ECC8-0786-4064-A157-9D8940851E31}.Release|Any CPU.Build.0 = Release|Any CPU
		{EEC8419B-81C1-4D7A-9EE4-C542F2D233FE}.Debug|Any CPU.ActiveCfg = Debug|Any CPU
		{EEC8419B-81C1-4D7A-9EE4-C542F2D233FE}.Debug|Any CPU.Build.0 = Debug|Any CPU
		{EEC8419B-81C1-4D7A-9EE4-C542F2D233FE}.Release|Any CPU.ActiveCfg = Release|Any CPU
		{EEC8419B-81C1-4D7A-9EE4-C542F2D233FE}.Release|Any CPU.Build.0 = Release|Any CPU
	EndGlobalSection
	GlobalSection(SolutionProperties) = preSolution
		HideSolutionNode = FALSE
	EndGlobalSection
	GlobalSection(ExtensibilityGlobals) = postSolution
		SolutionGuid = {40629F01-45CF-49D6-86DF-DC9D8D3D0625}
	EndGlobalSection
EndGlobal
